
Microsoft Visual Studio Solution File, Format Version 11.00
# Visual Studio 2010
Project("{8BC9CEB8-8B4A-11D0-8D11-00A0C91BC942}") = "machinecodecalc", "machinecodecalc.vcxproj", "{601143C3-BBF6-3535-8EF3-B0F229E84672}"
EndProject
Global
	GlobalSection(SolutionConfigurationPlatforms) = preSolution
		Debug|Win32 = Debug|Win32
		Release|Win32 = Release|Win32
	EndGlobalSection
	GlobalSection(ProjectConfigurationPlatforms) = postSolution
		{601143C3-BBF6-3535-8EF3-B0F229E84672}.Debug|Win32.ActiveCfg = Debug|Win32
		{601143C3-BBF6-3535-8EF3-B0F229E84672}.Debug|Win32.Build.0 = Debug|Win32
		{601143C3-BBF6-3535-8EF3-B0F229E84672}.Release|Win32.ActiveCfg = Release|Win32
		{601143C3-BBF6-3535-8EF3-B0F229E84672}.Release|Win32.Build.0 = Release|Win32
	EndGlobalSection
	GlobalSection(SolutionProperties) = preSolution
		HideSolutionNode = FALSE
	EndGlobalSection
EndGlobal
